
Microsoft Visual Studio Solution File, Format Version 12.00
# Visual Studio 15
VisualStudioVersion = 15.0.26730.8
MinimumVisualStudioVersion = 10.0.40219.1
Project("{FAE04EC0-301F-11D3-BF4B-00C04F79EFBC}") = "DiplomadoWebBackEndAspNet", "DiplomadoWebBackEndAspNet\DiplomadoWebBackEndAspNet.csproj", "{6DD28B77-A6D5-46A7-99D0-36C3891AC6D5}"
EndProject
Global
	GlobalSection(SolutionConfigurationPlatforms) = preSolution
		Debug|Any CPU = Debug|Any CPU
		Release|Any CPU = Release|Any CPU
	EndGlobalSection
	GlobalSection(ProjectConfigurationPlatforms) = postSolution
		{6DD28B77-A6D5-46A7-99D0-36C3891AC6D5}.Debug|Any CPU.ActiveCfg = Debug|Any CPU
		{6DD28B77-A6D5-46A7-99D0-36C3891AC6D5}.Debug|Any CPU.Build.0 = Debug|Any CPU
		{6DD28B77-A6D5-46A7-99D0-36C3891AC6D5}.Release|Any CPU.ActiveCfg = Release|Any CPU
		{6DD28B77-A6D5-46A7-99D0-36C3891AC6D5}.Release|Any CPU.Build.0 = Release|Any CPU
	EndGlobalSection
	GlobalSection(SolutionProperties) = preSolution
		HideSolutionNode = FALSE
	EndGlobalSection
	GlobalSection(ExtensibilityGlobals) = postSolution
		SolutionGuid = {0BCB021C-2F16-4BFD-B588-1E98257325D8}
	EndGlobalSection
EndGlobal
